
Microsoft Visual Studio Solution File, Format Version 12.00
Project("{FAE04EC0-301F-11D3-BF4B-00C04F79EFBC}") = "BMM.Web", "BMM.Web\BMM.Web.csproj", "{2ED8AFA8-9E66-411F-9B3C-A6B13D164691}"
EndProject
Global
	GlobalSection(SolutionConfigurationPlatforms) = preSolution
		Debug|Any CPU = Debug|Any CPU
		Release|Any CPU = Release|Any CPU
	EndGlobalSection
	GlobalSection(ProjectConfigurationPlatforms) = postSolution
		{2ED8AFA8-9E66-411F-9B3C-A6B13D164691}.Debug|Any CPU.ActiveCfg = Debug|Any CPU
		{2ED8AFA8-9E66-411F-9B3C-A6B13D164691}.Debug|Any CPU.Build.0 = Debug|Any CPU
		{2ED8AFA8-9E66-411F-9B3C-A6B13D164691}.Release|Any CPU.ActiveCfg = Release|Any CPU
		{2ED8AFA8-9E66-411F-9B3C-A6B13D164691}.Release|Any CPU.Build.0 = Release|Any CPU
	EndGlobalSection
EndGlobal
